Microsoft Visual Studio Solution File, Format Version 12.00
# Visual Studio Version 16
VisualStudioVersion = 16.0.29709.97
MinimumVisualStudioVersion = 10.0.40219.1
Project("{9A19103F-16F7-4668-BE54-9A1E7A4F7556}") = "PizzaBoxWeb", "PizzaBoxASPDotNetCore\PizzaBoxWeb.csproj", "{1D279563-5872-471E-A82E-E4545FDF6C0A}"
EndProject
Project("{FAE04EC0-301F-11D3-BF4B-00C04F79EFBC}") = "PizzaBoxLibrary", "PizzaBoxLibrary\PizzaBoxLibrary.csproj", "{4327ABC9-D13C-4FE6-A36B-C0DD72DCBD3F}"
EndProject
Project("{FAE04EC0-301F-11D3-BF4B-00C04F79EFBC}") = "PizzaBoxRepository", "PizzaBoxRepository\PizzaBoxRepository.csproj", "{F6EB94E5-A1A2-4F65-9D2C-D1B0865D4ECC}"
EndProject
Project("{FAE04EC0-301F-11D3-BF4B-00C04F79EFBC}") = "PizzaBoxTesting", "PizzaBoxTesting\PizzaBoxTesting.csproj", "{37A16BD1-345E-4C22-81EE-915AFB37AB32}"
EndProject
Global
	GlobalSection(SolutionConfigurationPlatforms) = preSolution
		Debug|Any CPU = Debug|Any CPU
		Release|Any CPU = Release|Any CPU
	EndGlobalSection
	GlobalSection(ProjectConfigurationPlatforms) = postSolution
		{1D279563-5872-471E-A82E-E4545FDF6C0A}.Debug|Any CPU.ActiveCfg = Debug|Any CPU
		{1D279563-5872-471E-A82E-E4545FDF6C0A}.Debug|Any CPU.Build.0 = Debug|Any CPU
		{1D279563-5872-471E-A82E-E4545FDF6C0A}.Release|Any CPU.ActiveCfg = Release|Any CPU
		{1D279563-5872-471E-A82E-E4545FDF6C0A}.Release|Any CPU.Build.0 = Release|Any CPU
		{4327ABC9-D13C-4FE6-A36B-C0DD72DCBD3F}.Debug|Any CPU.ActiveCfg = Debug|Any CPU
		{4327ABC9-D13C-4FE6-A36B-C0DD72DCBD3F}.Debug|Any CPU.Build.0 = Debug|Any CPU
		{4327ABC9-D13C-4FE6-A36B-C0DD72DCBD3F}.Release|Any CPU.ActiveCfg = Release|Any CPU
		{4327ABC9-D13C-4FE6-A36B-C0DD72DCBD3F}.Release|Any CPU.Build.0 = Release|Any CPU
		{F6EB94E5-A1A2-4F65-9D2C-D1B0865D4ECC}.Debug|Any CPU.ActiveCfg = Debug|Any CPU
		{F6EB94E5-A1A2-4F65-9D2C-D1B0865D4ECC}.Debug|Any CPU.Build.0 = Debug|Any CPU
		{F6EB94E5-A1A2-4F65-9D2C-D1B0865D4ECC}.Release|Any CPU.ActiveCfg = Release|Any CPU
		{F6EB94E5-A1A2-4F65-9D2C-D1B0865D4ECC}.Release|Any CPU.Build.0 = Release|Any CPU
		{37A16BD1-345E-4C22-81EE-915AFB37AB32}.Debug|Any CPU.ActiveCfg = Debug|Any CPU
		{37A16BD1-345E-4C22-81EE-915AFB37AB32}.Debug|Any CPU.Build.0 = Debug|Any CPU
		{37A16BD1-345E-4C22-81EE-915AFB37AB32}.Release|Any CPU.ActiveCfg = Release|Any CPU
		{37A16BD1-345E-4C22-81EE-915AFB37AB32}.Release|Any CPU.Build.0 = Release|Any CPU
	EndGlobalSection
	GlobalSection(SolutionProperties) = preSolution
		HideSolutionNode = FALSE
	EndGlobalSection
	GlobalSection(ExtensibilityGlobals) = postSolution
		SolutionGuid = {EA452E89-FAD8-44E4-B751-48160CB957D2}
	EndGlobalSection
EndGlobal
